{
  "name": "workspace_node",
  "lockfileVersion": 3,
  "requires": true,
  "packages": {
    "": {
      "dependencies": {
        "oracledb": "^6.9.0"
      }
    },
    "node_modules/oracledb": {
      "version": "6.9.0",
      "resolved": "https://registry.npmjs.org/oracledb/-/oracledb-6.9.0.tgz",
      "integrity": "sha512-NwPbIGPv6m0GTFSbyy4/5WEjsKMiiJRxztLmYUcfD3oyh/uXdmVmKOwEWr84wFwWJ/0wQrYQh4PjnzvShibRaA==",
      "hasInstallScript": true,
      "license": "(Apache-2.0 OR UPL-1.0)",
      "engines": {
        "node": ">=14.17"
      }
    }
  }
}
